
Microsoft Visual Studio Solution File, Format Version 12.00
# Visual Studio 15
VisualStudioVersion = 15.0.26124.0
MinimumVisualStudioVersion = 15.0.26124.0
Project("{FAE04EC0-301F-11D3-BF4B-00C04F79EFBC}") = "Problem1", "Problem1\Problem1.csproj", "{E6100F4F-EDBF-4B7C-88DA-E1FC4F2C34C0}"
EndProject
Project("{FAE04EC0-301F-11D3-BF4B-00C04F79EFBC}") = "Problem2", "Problem2\Problem2.csproj", "{DB58AB29-6000-465E-BD34-3BC953F60687}"
EndProject
Project("{FAE04EC0-301F-11D3-BF4B-00C04F79EFBC}") = "Problem3", "Problem3\Problem3.csproj", "{D28C7CCA-5535-40AA-8F08-4D1CC560AB20}"
EndProject
Project("{FAE04EC0-301F-11D3-BF4B-00C04F79EFBC}") = "Problem3R", "Problem3R\Problem3R.csproj", "{3F98169C-C675-4F92-BE4C-7A1067943E8E}"
EndProject
Project("{FAE04EC0-301F-11D3-BF4B-00C04F79EFBC}") = "Problem3R1", "Problem3R1\Problem3R1.csproj", "{1FDB12A6-FAA5-4E1B-92C8-3C967F2463CC}"
EndProject
Project("{FAE04EC0-301F-11D3-BF4B-00C04F79EFBC}") = "ProblemDuplication", "ProblemDuplicate\ProblemDuplication.csproj", "{D825BE40-EBCA-44E2-8333-46BD8D9CDEBF}"
EndProject
Project("{FAE04EC0-301F-11D3-BF4B-00C04F79EFBC}") = "Problem4", "Problem4\Problem4.csproj", "{583BD7E7-9738-461D-A721-6A4B61BC9BE7}"
EndProject
Project("{FAE04EC0-301F-11D3-BF4B-00C04F79EFBC}") = "BinaryTree", "BinaryTree\BinaryTree.csproj", "{2005243B-7CD2-46A0-AAC3-BD1273BDF0FC}"
EndProject
Project("{FAE04EC0-301F-11D3-BF4B-00C04F79EFBC}") = "BinaryTreeTraversal", "BinaryTreeTraversal\BinaryTreeTraversal.csproj", "{D3941F30-4A66-4924-98CD-40FE3D5FD8E0}"
EndProject
Project("{FAE04EC0-301F-11D3-BF4B-00C04F79EFBC}") = "BinaryTreeBFS", "BinaryTreeBFS\BinaryTreeBFS.csproj", "{F5A647C8-52C0-4FCD-9E14-98011EF21A1E}"
EndProject
Project("{FAE04EC0-301F-11D3-BF4B-00C04F79EFBC}") = "BinaryTree1", "BinaryTree1\BinaryTree1.csproj", "{3BA458A8-0A23-4A71-A32B-70B2C9379480}"
EndProject
Project("{FAE04EC0-301F-11D3-BF4B-00C04F79EFBC}") = "BinaryTreeR1", "BinaryTreeR1\BinaryTreeR1.csproj", "{C63A39C9-A252-40A6-BFD8-54327BCFB7E2}"
EndProject
Project("{FAE04EC0-301F-11D3-BF4B-00C04F79EFBC}") = "Problem4R", "Problem4r\Problem4R.csproj", "{F84B7D07-F7A7-481A-BABB-98A4EC6C7F07}"
EndProject
Project("{FAE04EC0-301F-11D3-BF4B-00C04F79EFBC}") = "Problem4R1", "Problem4R1\Problem4R1.csproj", "{0E057A22-E8E8-4A54-A118-513EFFE6B5BF}"
EndProject
Global
	GlobalSection(SolutionConfigurationPlatforms) = preSolution
		Debug|Any CPU = Debug|Any CPU
		Debug|x64 = Debug|x64
		Debug|x86 = Debug|x86
		Release|Any CPU = Release|Any CPU
		Release|x64 = Release|x64
		Release|x86 = Release|x86
	EndGlobalSection
	GlobalSection(SolutionProperties) = preSolution
		HideSolutionNode = FALSE
	EndGlobalSection
	GlobalSection(ProjectConfigurationPlatforms) = postSolution
		{E6100F4F-EDBF-4B7C-88DA-E1FC4F2C34C0}.Debug|Any CPU.ActiveCfg = Debug|Any CPU
		{E6100F4F-EDBF-4B7C-88DA-E1FC4F2C34C0}.Debug|Any CPU.Build.0 = Debug|Any CPU
		{E6100F4F-EDBF-4B7C-88DA-E1FC4F2C34C0}.Debug|x64.ActiveCfg = Debug|Any CPU
		{E6100F4F-EDBF-4B7C-88DA-E1FC4F2C34C0}.Debug|x64.Build.0 = Debug|Any CPU
		{E6100F4F-EDBF-4B7C-88DA-E1FC4F2C34C0}.Debug|x86.ActiveCfg = Debug|Any CPU
		{E6100F4F-EDBF-4B7C-88DA-E1FC4F2C34C0}.Debug|x86.Build.0 = Debug|Any CPU
		{E6100F4F-EDBF-4B7C-88DA-E1FC4F2C34C0}.Release|Any CPU.ActiveCfg = Release|Any CPU
		{E6100F4F-EDBF-4B7C-88DA-E1FC4F2C34C0}.Release|Any CPU.Build.0 = Release|Any CPU
		{E6100F4F-EDBF-4B7C-88DA-E1FC4F2C34C0}.Release|x64.ActiveCfg = Release|Any CPU
		{E6100F4F-EDBF-4B7C-88DA-E1FC4F2C34C0}.Release|x64.Build.0 = Release|Any CPU
		{E6100F4F-EDBF-4B7C-88DA-E1FC4F2C34C0}.Release|x86.ActiveCfg = Release|Any CPU
		{E6100F4F-EDBF-4B7C-88DA-E1FC4F2C34C0}.Release|x86.Build.0 = Release|Any CPU
		{DB58AB29-6000-465E-BD34-3BC953F60687}.Debug|Any CPU.ActiveCfg = Debug|Any CPU
		{DB58AB29-6000-465E-BD34-3BC953F60687}.Debug|Any CPU.Build.0 = Debug|Any CPU
		{DB58AB29-6000-465E-BD34-3BC953F60687}.Debug|x64.ActiveCfg = Debug|Any CPU
		{DB58AB29-6000-465E-BD34-3BC953F60687}.Debug|x64.Build.0 = Debug|Any CPU
		{DB58AB29-6000-465E-BD34-3BC953F60687}.Debug|x86.ActiveCfg = Debug|Any CPU
		{DB58AB29-6000-465E-BD34-3BC953F60687}.Debug|x86.Build.0 = Debug|Any CPU
		{DB58AB29-6000-465E-BD34-3BC953F60687}.Release|Any CPU.ActiveCfg = Release|Any CPU
		{DB58AB29-6000-465E-BD34-3BC953F60687}.Release|Any CPU.Build.0 = Release|Any CPU
		{DB58AB29-6000-465E-BD34-3BC953F60687}.Release|x64.ActiveCfg = Release|Any CPU
		{DB58AB29-6000-465E-BD34-3BC953F60687}.Release|x64.Build.0 = Release|Any CPU
		{DB58AB29-6000-465E-BD34-3BC953F60687}.Release|x86.ActiveCfg = Release|Any CPU
		{DB58AB29-6000-465E-BD34-3BC953F60687}.Release|x86.Build.0 = Release|Any CPU
		{D28C7CCA-5535-40AA-8F08-4D1CC560AB20}.Debug|Any CPU.ActiveCfg = Debug|Any CPU
		{D28C7CCA-5535-40AA-8F08-4D1CC560AB20}.Debug|Any CPU.Build.0 = Debug|Any CPU
		{D28C7CCA-5535-40AA-8F08-4D1CC560AB20}.Debug|x64.ActiveCfg = Debug|Any CPU
		{D28C7CCA-5535-40AA-8F08-4D1CC560AB20}.Debug|x64.Build.0 = Debug|Any CPU
		{D28C7CCA-5535-40AA-8F08-4D1CC560AB20}.Debug|x86.ActiveCfg = Debug|Any CPU
		{D28C7CCA-5535-40AA-8F08-4D1CC560AB20}.Debug|x86.Build.0 = Debug|Any CPU
		{D28C7CCA-5535-40AA-8F08-4D1CC560AB20}.Release|Any CPU.ActiveCfg = Release|Any CPU
		{D28C7CCA-5535-40AA-8F08-4D1CC560AB20}.Release|Any CPU.Build.0 = Release|Any CPU
		{D28C7CCA-5535-40AA-8F08-4D1CC560AB20}.Release|x64.ActiveCfg = Release|Any CPU
		{D28C7CCA-5535-40AA-8F08-4D1CC560AB20}.Release|x64.Build.0 = Release|Any CPU
		{D28C7CCA-5535-40AA-8F08-4D1CC560AB20}.Release|x86.ActiveCfg = Release|Any CPU
		{D28C7CCA-5535-40AA-8F08-4D1CC560AB20}.Release|x86.Build.0 = Release|Any CPU
		{3F98169C-C675-4F92-BE4C-7A1067943E8E}.Debug|Any CPU.ActiveCfg = Debug|Any CPU
		{3F98169C-C675-4F92-BE4C-7A1067943E8E}.Debug|Any CPU.Build.0 = Debug|Any CPU
		{3F98169C-C675-4F92-BE4C-7A1067943E8E}.Debug|x64.ActiveCfg = Debug|Any CPU
		{3F98169C-C675-4F92-BE4C-7A1067943E8E}.Debug|x64.Build.0 = Debug|Any CPU
		{3F98169C-C675-4F92-BE4C-7A1067943E8E}.Debug|x86.ActiveCfg = Debug|Any CPU
		{3F98169C-C675-4F92-BE4C-7A1067943E8E}.Debug|x86.Build.0 = Debug|Any CPU
		{3F98169C-C675-4F92-BE4C-7A1067943E8E}.Release|Any CPU.ActiveCfg = Release|Any CPU
		{3F98169C-C675-4F92-BE4C-7A1067943E8E}.Release|Any CPU.Build.0 = Release|Any CPU
		{3F98169C-C675-4F92-BE4C-7A1067943E8E}.Release|x64.ActiveCfg = Release|Any CPU
		{3F98169C-C675-4F92-BE4C-7A1067943E8E}.Release|x64.Build.0 = Release|Any CPU
		{3F98169C-C675-4F92-BE4C-7A1067943E8E}.Release|x86.ActiveCfg = Release|Any CPU
		{3F98169C-C675-4F92-BE4C-7A1067943E8E}.Release|x86.Build.0 = Release|Any CPU
		{1FDB12A6-FAA5-4E1B-92C8-3C967F2463CC}.Debug|Any CPU.ActiveCfg = Debug|Any CPU
		{1FDB12A6-FAA5-4E1B-92C8-3C967F2463CC}.Debug|Any CPU.Build.0 = Debug|Any CPU
		{1FDB12A6-FAA5-4E1B-92C8-3C967F2463CC}.Debug|x64.ActiveCfg = Debug|Any CPU
		{1FDB12A6-FAA5-4E1B-92C8-3C967F2463CC}.Debug|x64.Build.0 = Debug|Any CPU
		{1FDB12A6-FAA5-4E1B-92C8-3C967F2463CC}.Debug|x86.ActiveCfg = Debug|Any CPU
		{1FDB12A6-FAA5-4E1B-92C8-3C967F2463CC}.Debug|x86.Build.0 = Debug|Any CPU
		{1FDB12A6-FAA5-4E1B-92C8-3C967F2463CC}.Release|Any CPU.ActiveCfg = Release|Any CPU
		{1FDB12A6-FAA5-4E1B-92C8-3C967F2463CC}.Release|Any CPU.Build.0 = Release|Any CPU
		{1FDB12A6-FAA5-4E1B-92C8-3C967F2463CC}.Release|x64.ActiveCfg = Release|Any CPU
		{1FDB12A6-FAA5-4E1B-92C8-3C967F2463CC}.Release|x64.Build.0 = Release|Any CPU
		{1FDB12A6-FAA5-4E1B-92C8-3C967F2463CC}.Release|x86.ActiveCfg = Release|Any CPU
		{1FDB12A6-FAA5-4E1B-92C8-3C967F2463CC}.Release|x86.Build.0 = Release|Any CPU
		{D825BE40-EBCA-44E2-8333-46BD8D9CDEBF}.Debug|Any CPU.ActiveCfg = Debug|Any CPU
		{D825BE40-EBCA-44E2-8333-46BD8D9CDEBF}.Debug|Any CPU.Build.0 = Debug|Any CPU
		{D825BE40-EBCA-44E2-8333-46BD8D9CDEBF}.Debug|x64.ActiveCfg = Debug|Any CPU
		{D825BE40-EBCA-44E2-8333-46BD8D9CDEBF}.Debug|x64.Build.0 = Debug|Any CPU
		{D825BE40-EBCA-44E2-8333-46BD8D9CDEBF}.Debug|x86.ActiveCfg = Debug|Any CPU
		{D825BE40-EBCA-44E2-8333-46BD8D9CDEBF}.Debug|x86.Build.0 = Debug|Any CPU
		{D825BE40-EBCA-44E2-8333-46BD8D9CDEBF}.Release|Any CPU.ActiveCfg = Release|Any CPU
		{D825BE40-EBCA-44E2-8333-46BD8D9CDEBF}.Release|Any CPU.Build.0 = Release|Any CPU
		{D825BE40-EBCA-44E2-8333-46BD8D9CDEBF}.Release|x64.ActiveCfg = Release|Any CPU
		{D825BE40-EBCA-44E2-8333-46BD8D9CDEBF}.Release|x64.Build.0 = Release|Any CPU
		{D825BE40-EBCA-44E2-8333-46BD8D9CDEBF}.Release|x86.ActiveCfg = Release|Any CPU
		{D825BE40-EBCA-44E2-8333-46BD8D9CDEBF}.Release|x86.Build.0 = Release|Any CPU
		{583BD7E7-9738-461D-A721-6A4B61BC9BE7}.Debug|Any CPU.ActiveCfg = Debug|Any CPU
		{583BD7E7-9738-461D-A721-6A4B61BC9BE7}.Debug|Any CPU.Build.0 = Debug|Any CPU
		{583BD7E7-9738-461D-A721-6A4B61BC9BE7}.Debug|x64.ActiveCfg = Debug|Any CPU
		{583BD7E7-9738-461D-A721-6A4B61BC9BE7}.Debug|x64.Build.0 = Debug|Any CPU
		{583BD7E7-9738-461D-A721-6A4B61BC9BE7}.Debug|x86.ActiveCfg = Debug|Any CPU
		{583BD7E7-9738-461D-A721-6A4B61BC9BE7}.Debug|x86.Build.0 = Debug|Any CPU
		{583BD7E7-9738-461D-A721-6A4B61BC9BE7}.Release|Any CPU.ActiveCfg = Release|Any CPU
		{583BD7E7-9738-461D-A721-6A4B61BC9BE7}.Release|Any CPU.Build.0 = Release|Any CPU
		{583BD7E7-9738-461D-A721-6A4B61BC9BE7}.Release|x64.ActiveCfg = Release|Any CPU
		{583BD7E7-9738-461D-A721-6A4B61BC9BE7}.Release|x64.Build.0 = Release|Any CPU
		{583BD7E7-9738-461D-A721-6A4B61BC9BE7}.Release|x86.ActiveCfg = Release|Any CPU
		{583BD7E7-9738-461D-A721-6A4B61BC9BE7}.Release|x86.Build.0 = Release|Any CPU
		{2005243B-7CD2-46A0-AAC3-BD1273BDF0FC}.Debug|Any CPU.ActiveCfg = Debug|Any CPU
		{2005243B-7CD2-46A0-AAC3-BD1273BDF0FC}.Debug|Any CPU.Build.0 = Debug|Any CPU
		{2005243B-7CD2-46A0-AAC3-BD1273BDF0FC}.Debug|x64.ActiveCfg = Debug|Any CPU
		{2005243B-7CD2-46A0-AAC3-BD1273BDF0FC}.Debug|x64.Build.0 = Debug|Any CPU
		{2005243B-7CD2-46A0-AAC3-BD1273BDF0FC}.Debug|x86.ActiveCfg = Debug|Any CPU
		{2005243B-7CD2-46A0-AAC3-BD1273BDF0FC}.Debug|x86.Build.0 = Debug|Any CPU
		{2005243B-7CD2-46A0-AAC3-BD1273BDF0FC}.Release|Any CPU.ActiveCfg = Release|Any CPU
		{2005243B-7CD2-46A0-AAC3-BD1273BDF0FC}.Release|Any CPU.Build.0 = Release|Any CPU
		{2005243B-7CD2-46A0-AAC3-BD1273BDF0FC}.Release|x64.ActiveCfg = Release|Any CPU
		{2005243B-7CD2-46A0-AAC3-BD1273BDF0FC}.Release|x64.Build.0 = Release|Any CPU
		{2005243B-7CD2-46A0-AAC3-BD1273BDF0FC}.Release|x86.ActiveCfg = Release|Any CPU
		{2005243B-7CD2-46A0-AAC3-BD1273BDF0FC}.Release|x86.Build.0 = Release|Any CPU
		{D3941F30-4A66-4924-98CD-40FE3D5FD8E0}.Debug|Any CPU.ActiveCfg = Debug|Any CPU
		{D3941F30-4A66-4924-98CD-40FE3D5FD8E0}.Debug|Any CPU.Build.0 = Debug|Any CPU
		{D3941F30-4A66-4924-98CD-40FE3D5FD8E0}.Debug|x64.ActiveCfg = Debug|Any CPU
		{D3941F30-4A66-4924-98CD-40FE3D5FD8E0}.Debug|x64.Build.0 = Debug|Any CPU
		{D3941F30-4A66-4924-98CD-40FE3D5FD8E0}.Debug|x86.ActiveCfg = Debug|Any CPU
		{D3941F30-4A66-4924-98CD-40FE3D5FD8E0}.Debug|x86.Build.0 = Debug|Any CPU
		{D3941F30-4A66-4924-98CD-40FE3D5FD8E0}.Release|Any CPU.ActiveCfg = Release|Any CPU
		{D3941F30-4A66-4924-98CD-40FE3D5FD8E0}.Release|Any CPU.Build.0 = Release|Any CPU
		{D3941F30-4A66-4924-98CD-40FE3D5FD8E0}.Release|x64.ActiveCfg = Release|Any CPU
		{D3941F30-4A66-4924-98CD-40FE3D5FD8E0}.Release|x64.Build.0 = Release|Any CPU
		{D3941F30-4A66-4924-98CD-40FE3D5FD8E0}.Release|x86.ActiveCfg = Release|Any CPU
		{D3941F30-4A66-4924-98CD-40FE3D5FD8E0}.Release|x86.Build.0 = Release|Any CPU
		{F5A647C8-52C0-4FCD-9E14-98011EF21A1E}.Debug|Any CPU.ActiveCfg = Debug|Any CPU
		{F5A647C8-52C0-4FCD-9E14-98011EF21A1E}.Debug|Any CPU.Build.0 = Debug|Any CPU
		{F5A647C8-52C0-4FCD-9E14-98011EF21A1E}.Debug|x64.ActiveCfg = Debug|Any CPU
		{F5A647C8-52C0-4FCD-9E14-98011EF21A1E}.Debug|x64.Build.0 = Debug|Any CPU
		{F5A647C8-52C0-4FCD-9E14-98011EF21A1E}.Debug|x86.ActiveCfg = Debug|Any CPU
		{F5A647C8-52C0-4FCD-9E14-98011EF21A1E}.Debug|x86.Build.0 = Debug|Any CPU
		{F5A647C8-52C0-4FCD-9E14-98011EF21A1E}.Release|Any CPU.ActiveCfg = Release|Any CPU
		{F5A647C8-52C0-4FCD-9E14-98011EF21A1E}.Release|Any CPU.Build.0 = Release|Any CPU
		{F5A647C8-52C0-4FCD-9E14-98011EF21A1E}.Release|x64.ActiveCfg = Release|Any CPU
		{F5A647C8-52C0-4FCD-9E14-98011EF21A1E}.Release|x64.Build.0 = Release|Any CPU
		{F5A647C8-52C0-4FCD-9E14-98011EF21A1E}.Release|x86.ActiveCfg = Release|Any CPU
		{F5A647C8-52C0-4FCD-9E14-98011EF21A1E}.Release|x86.Build.0 = Release|Any CPU
		{3BA458A8-0A23-4A71-A32B-70B2C9379480}.Debug|Any CPU.ActiveCfg = Debug|Any CPU
		{3BA458A8-0A23-4A71-A32B-70B2C9379480}.Debug|Any CPU.Build.0 = Debug|Any CPU
		{3BA458A8-0A23-4A71-A32B-70B2C9379480}.Debug|x64.ActiveCfg = Debug|Any CPU
		{3BA458A8-0A23-4A71-A32B-70B2C9379480}.Debug|x64.Build.0 = Debug|Any CPU
		{3BA458A8-0A23-4A71-A32B-70B2C9379480}.Debug|x86.ActiveCfg = Debug|Any CPU
		{3BA458A8-0A23-4A71-A32B-70B2C9379480}.Debug|x86.Build.0 = Debug|Any CPU
		{3BA458A8-0A23-4A71-A32B-70B2C9379480}.Release|Any CPU.ActiveCfg = Release|Any CPU
		{3BA458A8-0A23-4A71-A32B-70B2C9379480}.Release|Any CPU.Build.0 = Release|Any CPU
		{3BA458A8-0A23-4A71-A32B-70B2C9379480}.Release|x64.ActiveCfg = Release|Any CPU
		{3BA458A8-0A23-4A71-A32B-70B2C9379480}.Release|x64.Build.0 = Release|Any CPU
		{3BA458A8-0A23-4A71-A32B-70B2C9379480}.Release|x86.ActiveCfg = Release|Any CPU
		{3BA458A8-0A23-4A71-A32B-70B2C9379480}.Release|x86.Build.0 = Release|Any CPU
		{C63A39C9-A252-40A6-BFD8-54327BCFB7E2}.Debug|Any CPU.ActiveCfg = Debug|Any CPU
		{C63A39C9-A252-40A6-BFD8-54327BCFB7E2}.Debug|Any CPU.Build.0 = Debug|Any CPU
		{C63A39C9-A252-40A6-BFD8-54327BCFB7E2}.Debug|x64.ActiveCfg = Debug|Any CPU
		{C63A39C9-A252-40A6-BFD8-54327BCFB7E2}.Debug|x64.Build.0 = Debug|Any CPU
		{C63A39C9-A252-40A6-BFD8-54327BCFB7E2}.Debug|x86.ActiveCfg = Debug|Any CPU
		{C63A39C9-A252-40A6-BFD8-54327BCFB7E2}.Debug|x86.Build.0 = Debug|Any CPU
		{C63A39C9-A252-40A6-BFD8-54327BCFB7E2}.Release|Any CPU.ActiveCfg = Release|Any CPU
		{C63A39C9-A252-40A6-BFD8-54327BCFB7E2}.Release|Any CPU.Build.0 = Release|Any CPU
		{C63A39C9-A252-40A6-BFD8-54327BCFB7E2}.Release|x64.ActiveCfg = Release|Any CPU
		{C63A39C9-A252-40A6-BFD8-54327BCFB7E2}.Release|x64.Build.0 = Release|Any CPU
		{C63A39C9-A252-40A6-BFD8-54327BCFB7E2}.Release|x86.ActiveCfg = Release|Any CPU
		{C63A39C9-A252-40A6-BFD8-54327BCFB7E2}.Release|x86.Build.0 = Release|Any CPU
		{F84B7D07-F7A7-481A-BABB-98A4EC6C7F07}.Debug|Any CPU.ActiveCfg = Debug|Any CPU
		{F84B7D07-F7A7-481A-BABB-98A4EC6C7F07}.Debug|Any CPU.Build.0 = Debug|Any CPU
		{F84B7D07-F7A7-481A-BABB-98A4EC6C7F07}.Debug|x64.ActiveCfg = Debug|Any CPU
		{F84B7D07-F7A7-481A-BABB-98A4EC6C7F07}.Debug|x64.Build.0 = Debug|Any CPU
		{F84B7D07-F7A7-481A-BABB-98A4EC6C7F07}.Debug|x86.ActiveCfg = Debug|Any CPU
		{F84B7D07-F7A7-481A-BABB-98A4EC6C7F07}.Debug|x86.Build.0 = Debug|Any CPU
		{F84B7D07-F7A7-481A-BABB-98A4EC6C7F07}.Release|Any CPU.ActiveCfg = Release|Any CPU
		{F84B7D07-F7A7-481A-BABB-98A4EC6C7F07}.Release|Any CPU.Build.0 = Release|Any CPU
		{F84B7D07-F7A7-481A-BABB-98A4EC6C7F07}.Release|x64.ActiveCfg = Release|Any CPU
		{F84B7D07-F7A7-481A-BABB-98A4EC6C7F07}.Release|x64.Build.0 = Release|Any CPU
		{F84B7D07-F7A7-481A-BABB-98A4EC6C7F07}.Release|x86.ActiveCfg = Release|Any CPU
		{F84B7D07-F7A7-481A-BABB-98A4EC6C7F07}.Release|x86.Build.0 = Release|Any CPU
		{0E057A22-E8E8-4A54-A118-513EFFE6B5BF}.Debug|Any CPU.ActiveCfg = Debug|Any CPU
		{0E057A22-E8E8-4A54-A118-513EFFE6B5BF}.Debug|Any CPU.Build.0 = Debug|Any CPU
		{0E057A22-E8E8-4A54-A118-513EFFE6B5BF}.Debug|x64.ActiveCfg = Debug|Any CPU
		{0E057A22-E8E8-4A54-A118-513EFFE6B5BF}.Debug|x64.Build.0 = Debug|Any CPU
		{0E057A22-E8E8-4A54-A118-513EFFE6B5BF}.Debug|x86.ActiveCfg = Debug|Any CPU
		{0E057A22-E8E8-4A54-A118-513EFFE6B5BF}.Debug|x86.Build.0 = Debug|Any CPU
		{0E057A22-E8E8-4A54-A118-513EFFE6B5BF}.Release|Any CPU.ActiveCfg = Release|Any CPU
		{0E057A22-E8E8-4A54-A118-513EFFE6B5BF}.Release|Any CPU.Build.0 = Release|Any CPU
		{0E057A22-E8E8-4A54-A118-513EFFE6B5BF}.Release|x64.ActiveCfg = Release|Any CPU
		{0E057A22-E8E8-4A54-A118-513EFFE6B5BF}.Release|x64.Build.0 = Release|Any CPU
		{0E057A22-E8E8-4A54-A118-513EFFE6B5BF}.Release|x86.ActiveCfg = Release|Any CPU
		{0E057A22-E8E8-4A54-A118-513EFFE6B5BF}.Release|x86.Build.0 = Release|Any CPU
	EndGlobalSection
EndGlobal
